
Microsoft Visual Studio Solution File, Format Version 12.00
# Visual Studio 15
VisualStudioVersion = 15.0.26228.4
MinimumVisualStudioVersion = 10.0.40219.1
Project("{FAE04EC0-301F-11D3-BF4B-00C04F79EFBC}") = "0.01_intro", "0.01_intro\0.01_intro.csproj", "{2947049C-25EF-42A2-954B-6D2F3675ADFD}"
EndProject
Project("{FAE04EC0-301F-11D3-BF4B-00C04F79EFBC}") = "0.02_BasicTypes", "0.02_BasicTypes\0.02_BasicTypes.csproj", "{FA213F56-0F15-47DB-9D8B-7C7857767DFE}"
EndProject
Project("{FAE04EC0-301F-11D3-BF4B-00C04F79EFBC}") = "0.02_BasicTypesChallenges", "0.02_BasicTypesChallenges\0.02_BasicTypesChallenges.csproj", "{40C29D8C-DD72-478B-9C85-4F02850D3B96}"
EndProject
Project("{FAE04EC0-301F-11D3-BF4B-00C04F79EFBC}") = "0.03_Strings", "0.03_Strings\0.03_Strings.csproj", "{730FF4C5-E1A3-47F0-B6B7-5B7430A63EDA}"
EndProject
Project("{FAE04EC0-301F-11D3-BF4B-00C04F79EFBC}") = "0.04_Conditional", "0.04_Conditional\0.04_Conditional.csproj", "{4AC6D922-EE2E-4745-B5E0-A537750E6994}"
EndProject
Project("{FAE04EC0-301F-11D3-BF4B-00C04F79EFBC}") = "0.04_if_else", "0.04_if_else\0.04_if_else.csproj", "{89056C20-2F29-48E2-A47B-AFE2FE0D314F}"
EndProject
Project("{FAE04EC0-301F-11D3-BF4B-00C04F79EFBC}") = "0.04_else_if", "0.04_else_if\0.04_else_if.csproj", "{78ED3FE5-0532-4609-8316-2118DA77CA31}"
EndProject
Project("{FAE04EC0-301F-11D3-BF4B-00C04F79EFBC}") = "0.04_switch", "0.04_switch\0.04_switch.csproj", "{B07D09D2-DF8F-457D-8432-C6D3776D4E03}"
EndProject
Project("{FAE04EC0-301F-11D3-BF4B-00C04F79EFBC}") = "0.05_Integers", "0.05_Integers\0.05_Integers.csproj", "{12B3EE70-E639-4F06-B369-8B85FA33FE04}"
EndProject
Project("{FAE04EC0-301F-11D3-BF4B-00C04F79EFBC}") = "0.04_ReadLine", "0.04_ReadLine\0.04_ReadLine.csproj", "{B53FEB82-D1BF-4938-BC3A-5A2CA9291D4F}"
EndProject
Project("{FAE04EC0-301F-11D3-BF4B-00C04F79EFBC}") = "0.04_Ternary", "0.04_Ternary\0.04_Ternary.csproj", "{262EE827-239A-49A8-8A7A-B399450FB99B}"
EndProject
Project("{FAE04EC0-301F-11D3-BF4B-00C04F79EFBC}") = "0.06_Objects", "0.06_Objects\0.06_Objects.csproj", "{3D7882E7-ACBA-4C5C-879C-B51C91385EB2}"
EndProject
Project("{FAE04EC0-301F-11D3-BF4B-00C04F79EFBC}") = "0.06_Challenge", "0.06_Challenge\0.06_Challenge.csproj", "{D6EC872F-6330-4B4C-B2D8-3E0EB7B1C627}"
EndProject
Project("{FAE04EC0-301F-11D3-BF4B-00C04F79EFBC}") = "0.07_Methods", "0.07_Methods\0.07_Methods.csproj", "{E91741BF-CB81-4E0E-9C53-D8C892F44483}"
EndProject
Project("{FAE04EC0-301F-11D3-BF4B-00C04F79EFBC}") = "0.07_Methods_Challenge", "0.07_Methods_Challenge\0.07_Methods_Challenge.csproj", "{4403DF30-2609-4DE3-9A2E-D9935244E164}"
EndProject
Project("{FAE04EC0-301F-11D3-BF4B-00C04F79EFBC}") = "0.08_Methods_Overloading", "0.08_Methods_Overloading\0.08_Methods_Overloading.csproj", "{A1A5F91E-80A3-4198-97EF-1A3F2D4E6577}"
EndProject
Project("{FAE04EC0-301F-11D3-BF4B-00C04F79EFBC}") = "0.09_Constructors", "0.09_Constructors\0.09_Constructors.csproj", "{E961AB9F-6632-44BB-AC07-9B4072293825}"
EndProject
Project("{FAE04EC0-301F-11D3-BF4B-00C04F79EFBC}") = "0.09_Constructors_Challenge", "0.09_Constructors_Challenge\0.09_Constructors_Challenge.csproj", "{3E7F2D32-4C10-4F3E-87E3-822B9FA45E41}"
EndProject
Project("{FAE04EC0-301F-11D3-BF4B-00C04F79EFBC}") = "0.10_ForLoops", "0.10_ForLoops\0.10_ForLoops.csproj", "{1BF24F1B-5D67-48C7-8BD5-CFD907D05D50}"
EndProject
Project("{FAE04EC0-301F-11D3-BF4B-00C04F79EFBC}") = "0.10_ForLoops_SimpleProgram", "0.10_ForLoops_SimpleProgram\0.10_ForLoops_SimpleProgram.csproj", "{B1CE436D-E2D7-47EF-A742-9CFC382867F8}"
EndProject
Project("{FAE04EC0-301F-11D3-BF4B-00C04F79EFBC}") = "0.10_ForEachLoops", "0.10_ForEachLoops\0.10_ForEachLoops.csproj", "{46551B59-91CA-4951-9BC7-AB34CBDF1AD7}"
EndProject
Project("{FAE04EC0-301F-11D3-BF4B-00C04F79EFBC}") = "0.11_ArraysOfObjects", "0.11_ArraysOfObjects\0.11_ArraysOfObjects.csproj", "{25B59A1E-145D-4122-A6A8-C7B858D00840}"
EndProject
Project("{FAE04EC0-301F-11D3-BF4B-00C04F79EFBC}") = "0.10_Collections_Dictonaries", "0.10_Collections_Dictonaries\0.10_Collections_Dictonaries.csproj", "{377F8CD7-B123-4FF1-87EE-053D6A011417}"
EndProject
Project("{FAE04EC0-301F-11D3-BF4B-00C04F79EFBC}") = "0.11_Interface", "0.11_Interface\0.11_Interface.csproj", "{9748E376-0AE5-4400-9725-16662055E6B2}"
EndProject
Project("{FAE04EC0-301F-11D3-BF4B-00C04F79EFBC}") = "0.12_AccessModifiers", "0.12_AccessModifiers\0.12_AccessModifiers.csproj", "{A3954F4C-CE5F-4916-A80A-B87504030C77}"
EndProject
Project("{FAE04EC0-301F-11D3-BF4B-00C04F79EFBC}") = "0.13_GettersAndSetters", "0.13_GettersAndSetters\0.13_GettersAndSetters.csproj", "{385C85C6-8470-4243-8BFC-9F91705ADE99}"
EndProject
Project("{FAE04EC0-301F-11D3-BF4B-00C04F79EFBC}") = "0.14_FantasyGame", "0.14_FantasyGame\0.14_FantasyGame.csproj", "{D1070E7A-B099-49C3-B396-E7A1455B4136}"
EndProject
Global
	GlobalSection(SolutionConfigurationPlatforms) = preSolution
		Debug|Any CPU = Debug|Any CPU
		Release|Any CPU = Release|Any CPU
	EndGlobalSection
	GlobalSection(ProjectConfigurationPlatforms) = postSolution
		{2947049C-25EF-42A2-954B-6D2F3675ADFD}.Debug|Any CPU.ActiveCfg = Debug|Any CPU
		{2947049C-25EF-42A2-954B-6D2F3675ADFD}.Debug|Any CPU.Build.0 = Debug|Any CPU
		{2947049C-25EF-42A2-954B-6D2F3675ADFD}.Release|Any CPU.ActiveCfg = Release|Any CPU
		{2947049C-25EF-42A2-954B-6D2F3675ADFD}.Release|Any CPU.Build.0 = Release|Any CPU
		{FA213F56-0F15-47DB-9D8B-7C7857767DFE}.Debug|Any CPU.ActiveCfg = Debug|Any CPU
		{FA213F56-0F15-47DB-9D8B-7C7857767DFE}.Debug|Any CPU.Build.0 = Debug|Any CPU
		{FA213F56-0F15-47DB-9D8B-7C7857767DFE}.Release|Any CPU.ActiveCfg = Release|Any CPU
		{FA213F56-0F15-47DB-9D8B-7C7857767DFE}.Release|Any CPU.Build.0 = Release|Any CPU
		{40C29D8C-DD72-478B-9C85-4F02850D3B96}.Debug|Any CPU.ActiveCfg = Debug|Any CPU
		{40C29D8C-DD72-478B-9C85-4F02850D3B96}.Debug|Any CPU.Build.0 = Debug|Any CPU
		{40C29D8C-DD72-478B-9C85-4F02850D3B96}.Release|Any CPU.ActiveCfg = Release|Any CPU
		{40C29D8C-DD72-478B-9C85-4F02850D3B96}.Release|Any CPU.Build.0 = Release|Any CPU
		{730FF4C5-E1A3-47F0-B6B7-5B7430A63EDA}.Debug|Any CPU.ActiveCfg = Debug|Any CPU
		{730FF4C5-E1A3-47F0-B6B7-5B7430A63EDA}.Debug|Any CPU.Build.0 = Debug|Any CPU
		{730FF4C5-E1A3-47F0-B6B7-5B7430A63EDA}.Release|Any CPU.ActiveCfg = Release|Any CPU
		{730FF4C5-E1A3-47F0-B6B7-5B7430A63EDA}.Release|Any CPU.Build.0 = Release|Any CPU
		{4AC6D922-EE2E-4745-B5E0-A537750E6994}.Debug|Any CPU.ActiveCfg = Debug|Any CPU
		{4AC6D922-EE2E-4745-B5E0-A537750E6994}.Debug|Any CPU.Build.0 = Debug|Any CPU
		{4AC6D922-EE2E-4745-B5E0-A537750E6994}.Release|Any CPU.ActiveCfg = Release|Any CPU
		{4AC6D922-EE2E-4745-B5E0-A537750E6994}.Release|Any CPU.Build.0 = Release|Any CPU
		{89056C20-2F29-48E2-A47B-AFE2FE0D314F}.Debug|Any CPU.ActiveCfg = Debug|Any CPU
		{89056C20-2F29-48E2-A47B-AFE2FE0D314F}.Debug|Any CPU.Build.0 = Debug|Any CPU
		{89056C20-2F29-48E2-A47B-AFE2FE0D314F}.Release|Any CPU.ActiveCfg = Release|Any CPU
		{89056C20-2F29-48E2-A47B-AFE2FE0D314F}.Release|Any CPU.Build.0 = Release|Any CPU
		{78ED3FE5-0532-4609-8316-2118DA77CA31}.Debug|Any CPU.ActiveCfg = Debug|Any CPU
		{78ED3FE5-0532-4609-8316-2118DA77CA31}.Debug|Any CPU.Build.0 = Debug|Any CPU
		{78ED3FE5-0532-4609-8316-2118DA77CA31}.Release|Any CPU.ActiveCfg = Release|Any CPU
		{78ED3FE5-0532-4609-8316-2118DA77CA31}.Release|Any CPU.Build.0 = Release|Any CPU
		{B07D09D2-DF8F-457D-8432-C6D3776D4E03}.Debug|Any CPU.ActiveCfg = Debug|Any CPU
		{B07D09D2-DF8F-457D-8432-C6D3776D4E03}.Debug|Any CPU.Build.0 = Debug|Any CPU
		{B07D09D2-DF8F-457D-8432-C6D3776D4E03}.Release|Any CPU.ActiveCfg = Release|Any CPU
		{B07D09D2-DF8F-457D-8432-C6D3776D4E03}.Release|Any CPU.Build.0 = Release|Any CPU
		{12B3EE70-E639-4F06-B369-8B85FA33FE04}.Debug|Any CPU.ActiveCfg = Debug|Any CPU
		{12B3EE70-E639-4F06-B369-8B85FA33FE04}.Debug|Any CPU.Build.0 = Debug|Any CPU
		{12B3EE70-E639-4F06-B369-8B85FA33FE04}.Release|Any CPU.ActiveCfg = Release|Any CPU
		{12B3EE70-E639-4F06-B369-8B85FA33FE04}.Release|Any CPU.Build.0 = Release|Any CPU
		{B53FEB82-D1BF-4938-BC3A-5A2CA9291D4F}.Debug|Any CPU.ActiveCfg = Debug|Any CPU
		{B53FEB82-D1BF-4938-BC3A-5A2CA9291D4F}.Debug|Any CPU.Build.0 = Debug|Any CPU
		{B53FEB82-D1BF-4938-BC3A-5A2CA9291D4F}.Release|Any CPU.ActiveCfg = Release|Any CPU
		{B53FEB82-D1BF-4938-BC3A-5A2CA9291D4F}.Release|Any CPU.Build.0 = Release|Any CPU
		{262EE827-239A-49A8-8A7A-B399450FB99B}.Debug|Any CPU.ActiveCfg = Debug|Any CPU
		{262EE827-239A-49A8-8A7A-B399450FB99B}.Debug|Any CPU.Build.0 = Debug|Any CPU
		{262EE827-239A-49A8-8A7A-B399450FB99B}.Release|Any CPU.ActiveCfg = Release|Any CPU
		{262EE827-239A-49A8-8A7A-B399450FB99B}.Release|Any CPU.Build.0 = Release|Any CPU
		{3D7882E7-ACBA-4C5C-879C-B51C91385EB2}.Debug|Any CPU.ActiveCfg = Debug|Any CPU
		{3D7882E7-ACBA-4C5C-879C-B51C91385EB2}.Debug|Any CPU.Build.0 = Debug|Any CPU
		{3D7882E7-ACBA-4C5C-879C-B51C91385EB2}.Release|Any CPU.ActiveCfg = Release|Any CPU
		{3D7882E7-ACBA-4C5C-879C-B51C91385EB2}.Release|Any CPU.Build.0 = Release|Any CPU
		{D6EC872F-6330-4B4C-B2D8-3E0EB7B1C627}.Debug|Any CPU.ActiveCfg = Debug|Any CPU
		{D6EC872F-6330-4B4C-B2D8-3E0EB7B1C627}.Debug|Any CPU.Build.0 = Debug|Any CPU
		{D6EC872F-6330-4B4C-B2D8-3E0EB7B1C627}.Release|Any CPU.ActiveCfg = Release|Any CPU
		{D6EC872F-6330-4B4C-B2D8-3E0EB7B1C627}.Release|Any CPU.Build.0 = Release|Any CPU
		{E91741BF-CB81-4E0E-9C53-D8C892F44483}.Debug|Any CPU.ActiveCfg = Debug|Any CPU
		{E91741BF-CB81-4E0E-9C53-D8C892F44483}.Debug|Any CPU.Build.0 = Debug|Any CPU
		{E91741BF-CB81-4E0E-9C53-D8C892F44483}.Release|Any CPU.ActiveCfg = Release|Any CPU
		{E91741BF-CB81-4E0E-9C53-D8C892F44483}.Release|Any CPU.Build.0 = Release|Any CPU
		{4403DF30-2609-4DE3-9A2E-D9935244E164}.Debug|Any CPU.ActiveCfg = Debug|Any CPU
		{4403DF30-2609-4DE3-9A2E-D9935244E164}.Debug|Any CPU.Build.0 = Debug|Any CPU
		{4403DF30-2609-4DE3-9A2E-D9935244E164}.Release|Any CPU.ActiveCfg = Release|Any CPU
		{4403DF30-2609-4DE3-9A2E-D9935244E164}.Release|Any CPU.Build.0 = Release|Any CPU
		{A1A5F91E-80A3-4198-97EF-1A3F2D4E6577}.Debug|Any CPU.ActiveCfg = Debug|Any CPU
		{A1A5F91E-80A3-4198-97EF-1A3F2D4E6577}.Debug|Any CPU.Build.0 = Debug|Any CPU
		{A1A5F91E-80A3-4198-97EF-1A3F2D4E6577}.Release|Any CPU.ActiveCfg = Release|Any CPU
		{A1A5F91E-80A3-4198-97EF-1A3F2D4E6577}.Release|Any CPU.Build.0 = Release|Any CPU
		{E961AB9F-6632-44BB-AC07-9B4072293825}.Debug|Any CPU.ActiveCfg = Debug|Any CPU
		{E961AB9F-6632-44BB-AC07-9B4072293825}.Debug|Any CPU.Build.0 = Debug|Any CPU
		{E961AB9F-6632-44BB-AC07-9B4072293825}.Release|Any CPU.ActiveCfg = Release|Any CPU
		{E961AB9F-6632-44BB-AC07-9B4072293825}.Release|Any CPU.Build.0 = Release|Any CPU
		{3E7F2D32-4C10-4F3E-87E3-822B9FA45E41}.Debug|Any CPU.ActiveCfg = Debug|Any CPU
		{3E7F2D32-4C10-4F3E-87E3-822B9FA45E41}.Debug|Any CPU.Build.0 = Debug|Any CPU
		{3E7F2D32-4C10-4F3E-87E3-822B9FA45E41}.Release|Any CPU.ActiveCfg = Release|Any CPU
		{3E7F2D32-4C10-4F3E-87E3-822B9FA45E41}.Release|Any CPU.Build.0 = Release|Any CPU
		{1BF24F1B-5D67-48C7-8BD5-CFD907D05D50}.Debug|Any CPU.ActiveCfg = Debug|Any CPU
		{1BF24F1B-5D67-48C7-8BD5-CFD907D05D50}.Debug|Any CPU.Build.0 = Debug|Any CPU
		{1BF24F1B-5D67-48C7-8BD5-CFD907D05D50}.Release|Any CPU.ActiveCfg = Release|Any CPU
		{1BF24F1B-5D67-48C7-8BD5-CFD907D05D50}.Release|Any CPU.Build.0 = Release|Any CPU
		{B1CE436D-E2D7-47EF-A742-9CFC382867F8}.Debug|Any CPU.ActiveCfg = Debug|Any CPU
		{B1CE436D-E2D7-47EF-A742-9CFC382867F8}.Debug|Any CPU.Build.0 = Debug|Any CPU
		{B1CE436D-E2D7-47EF-A742-9CFC382867F8}.Release|Any CPU.ActiveCfg = Release|Any CPU
		{B1CE436D-E2D7-47EF-A742-9CFC382867F8}.Release|Any CPU.Build.0 = Release|Any CPU
		{46551B59-91CA-4951-9BC7-AB34CBDF1AD7}.Debug|Any CPU.ActiveCfg = Debug|Any CPU
		{46551B59-91CA-4951-9BC7-AB34CBDF1AD7}.Debug|Any CPU.Build.0 = Debug|Any CPU
		{46551B59-91CA-4951-9BC7-AB34CBDF1AD7}.Release|Any CPU.ActiveCfg = Release|Any CPU
		{46551B59-91CA-4951-9BC7-AB34CBDF1AD7}.Release|Any CPU.Build.0 = Release|Any CPU
		{25B59A1E-145D-4122-A6A8-C7B858D00840}.Debug|Any CPU.ActiveCfg = Debug|Any CPU
		{25B59A1E-145D-4122-A6A8-C7B858D00840}.Debug|Any CPU.Build.0 = Debug|Any CPU
		{25B59A1E-145D-4122-A6A8-C7B858D00840}.Release|Any CPU.ActiveCfg = Release|Any CPU
		{25B59A1E-145D-4122-A6A8-C7B858D00840}.Release|Any CPU.Build.0 = Release|Any CPU
		{377F8CD7-B123-4FF1-87EE-053D6A011417}.Debug|Any CPU.ActiveCfg = Debug|Any CPU
		{377F8CD7-B123-4FF1-87EE-053D6A011417}.Debug|Any CPU.Build.0 = Debug|Any CPU
		{377F8CD7-B123-4FF1-87EE-053D6A011417}.Release|Any CPU.ActiveCfg = Release|Any CPU
		{377F8CD7-B123-4FF1-87EE-053D6A011417}.Release|Any CPU.Build.0 = Release|Any CPU
		{9748E376-0AE5-4400-9725-16662055E6B2}.Debug|Any CPU.ActiveCfg = Debug|Any CPU
		{9748E376-0AE5-4400-9725-16662055E6B2}.Debug|Any CPU.Build.0 = Debug|Any CPU
		{9748E376-0AE5-4400-9725-16662055E6B2}.Release|Any CPU.ActiveCfg = Release|Any CPU
		{9748E376-0AE5-4400-9725-16662055E6B2}.Release|Any CPU.Build.0 = Release|Any CPU
		{A3954F4C-CE5F-4916-A80A-B87504030C77}.Debug|Any CPU.ActiveCfg = Debug|Any CPU
		{A3954F4C-CE5F-4916-A80A-B87504030C77}.Debug|Any CPU.Build.0 = Debug|Any CPU
		{A3954F4C-CE5F-4916-A80A-B87504030C77}.Release|Any CPU.ActiveCfg = Release|Any CPU
		{A3954F4C-CE5F-4916-A80A-B87504030C77}.Release|Any CPU.Build.0 = Release|Any CPU
		{385C85C6-8470-4243-8BFC-9F91705ADE99}.Debug|Any CPU.ActiveCfg = Debug|Any CPU
		{385C85C6-8470-4243-8BFC-9F91705ADE99}.Debug|Any CPU.Build.0 = Debug|Any CPU
		{385C85C6-8470-4243-8BFC-9F91705ADE99}.Release|Any CPU.ActiveCfg = Release|Any CPU
		{385C85C6-8470-4243-8BFC-9F91705ADE99}.Release|Any CPU.Build.0 = Release|Any CPU
		{D1070E7A-B099-49C3-B396-E7A1455B4136}.Debug|Any CPU.ActiveCfg = Debug|Any CPU
		{D1070E7A-B099-49C3-B396-E7A1455B4136}.Debug|Any CPU.Build.0 = Debug|Any CPU
		{D1070E7A-B099-49C3-B396-E7A1455B4136}.Release|Any CPU.ActiveCfg = Release|Any CPU
		{D1070E7A-B099-49C3-B396-E7A1455B4136}.Release|Any CPU.Build.0 = Release|Any CPU
	EndGlobalSection
	GlobalSection(SolutionProperties) = preSolution
		HideSolutionNode = FALSE
	EndGlobalSection
EndGlobal
